
Microsoft Visual Studio Solution File, Format Version 12.00
# Visual Studio Version 16
VisualStudioVersion = 16.0.29806.167
MinimumVisualStudioVersion = 10.0.40219.1
Project("{FAE04EC0-301F-11D3-BF4B-00C04F79EFBC}") = "CME Parser", "CME Parser\CME Parser.csproj", "{792FD69F-684D-4A75-8D59-4836E09F8732}"
EndProject
Global
	GlobalSection(SolutionConfigurationPlatforms) = preSolution
		Debug|Any CPU = Debug|Any CPU
		Release|Any CPU = Release|Any CPU
	EndGlobalSection
	GlobalSection(ProjectConfigurationPlatforms) = postSolution
		{792FD69F-684D-4A75-8D59-4836E09F8732}.Debug|Any CPU.ActiveCfg = Debug|Any CPU
		{792FD69F-684D-4A75-8D59-4836E09F8732}.Debug|Any CPU.Build.0 = Debug|Any CPU
		{792FD69F-684D-4A75-8D59-4836E09F8732}.Release|Any CPU.ActiveCfg = Release|Any CPU
		{792FD69F-684D-4A75-8D59-4836E09F8732}.Release|Any CPU.Build.0 = Release|Any CPU
	EndGlobalSection
	GlobalSection(SolutionProperties) = preSolution
		HideSolutionNode = FALSE
	EndGlobalSection
	GlobalSection(ExtensibilityGlobals) = postSolution
		SolutionGuid = {9A7BA540-4C81-488C-ACE8-5243D299AC8D}
	EndGlobalSection
EndGlobal
